// !$*UTF8*$!
{
	archiveVersion = 1;
	classes = {
	};
	objectVersion = 55;
	objects = {

/* Begin PBXBuildFile section */
		B90369C1282D2666009A46B5 /* AculaApp.swift in Sources */ = {isa = PBXBuildFile; fileRef = B90369C0282D2666009A46B5 /* AculaApp.swift */; };
		B90369C3282D2666009A46B5 /* ContentView.swift in Sources */ = {isa = PBXBuildFile; fileRef = B90369C2282D2666009A46B5 /* ContentView.swift */; };
		B90369C5282D2667009A46B5 /* Assets.xcassets in Resources */ = {isa = PBXBuildFile; fileRef = B90369C4282D2667009A46B5 /* Assets.xcassets */; };
		B90369C8282D2667009A46B5 /* Preview Assets.xcassets in Resources */ = {isa = PBXBuildFile; fileRef = B90369C7282D2667009A46B5 /* Preview Assets.xcassets */; };
		B90369D2282D2667009A46B5 /* AculaTests.swift in Sources */ = {isa = PBXBuildFile; fileRef = B90369D1282D2667009A46B5 /* AculaTests.swift */; };
		B90369DC282D2667009A46B5 /* AculaUITests.swift in Sources */ = {isa = PBXBuildFile; fileRef = B90369DB282D2667009A46B5 /* AculaUITests.swift */; };
		B90369DE282D2667009A46B5 /* AculaUITestsLaunchTests.swift in Sources */ = {isa = PBXBuildFile; fileRef = B90369DD282D2667009A46B5 /* AculaUITestsLaunchTests.swift */; };
/* End PBXBuildFile section */

/* Begin PBXContainerItemProxy section */
		B90369CE282D2667009A46B5 /* PBXContainerItemProxy */ = {
			isa = PBXContainerItemProxy;
			containerPortal = B90369B5282D2666009A46B5 /* Project object */;
			proxyType = 1;
			remoteGlobalIDString = B90369BC282D2666009A46B5;
			remoteInfo = Acula;
		};
		B90369D8282D2667009A46B5 /* PBXContainerItemProxy */ = {
			isa = PBXContainerItemProxy;
			containerPortal = B90369B5282D2666009A46B5 /* Project object */;
			proxyType = 1;
			remoteGlobalIDString = B90369BC282D2666009A46B5;
			remoteInfo = Acula;
		};
/* End PBXContainerItemProxy section */

/* Begin PBXFileReference section */
		B90369BD282D2666009A46B5 /* Acula.app */ = {isa = PBXFileReference; explicitFileType = wrapper.application; includeInIndex = 0; path = Acula.app; sourceTree = BUILT_PRODUCTS_DIR; };
		B90369C0282D2666009A46B5 /* AculaApp.swift */ = {isa = PBXFileReference; lastKnownFileType = sourcecode.swift; path = AculaApp.swift; sourceTree = "<group>"; };
		B90369C2282D2666009A46B5 /* ContentView.swift */ = {isa = PBXFileReference; lastKnownFileType = sourcecode.swift; path = ContentView.swift; sourceTree = "<group>"; };
		B90369C4282D2667009A46B5 /* Assets.xcassets */ = {isa = PBXFileReference; lastKnownFileType = folder.assetcatalog; path = Assets.xcassets; sourceTree = "<group>"; };
		B90369C7282D2667009A46B5 /* Preview Assets.xcassets */ = {isa = PBXFileReference; lastKnownFileType = folder.assetcatalog; path = "Preview Assets.xcassets"; sourceTree = "<group>"; };
		B90369CD282D2667009A46B5 /* AculaTests.xctest */ = {isa = PBXFileReference; explicitFileType = wrapper.cfbundle; includeInIndex = 0; path = AculaTests.xctest; sourceTree = BUILT_PRODUCTS_DIR; };
		B90369D1282D2667009A46B5 /* AculaTests.swift */ = {isa = PBXFileReference; lastKnownFileType = sourcecode.swift; path = AculaTests.swift; sourceTree = "<group>"; };
		B90369D7282D2667009A46B5 /* AculaUITests.xctest */ = {isa = PBXFileReference; explicitFileType = wrapper.cfbundle; includeInIndex = 0; path = AculaUITests.xctest; sourceTree = BUILT_PRODUCTS_DIR; };
		B90369DB282D2667009A46B5 /* AculaUITests.swift */ = {isa = PBXFileReference; lastKnownFileType = sourcecode.swift; path = AculaUITests.swift; sourceTree = "<group>"; };
		B90369DD282D2667009A46B5 /* AculaUITestsLaunchTests.swift */ = {isa = PBXFileReference; lastKnownFileType = sourcecode.swift; path = AculaUITestsLaunchTests.swift; sourceTree = "<group>"; };
/* End PBXFileReference section */

/* Begin PBXFrameworksBuildPhase section */
		B90369BA282D2666009A46B5 /* Frameworks */ = {
			isa = PBXFrameworksBuildPhase;
			buildActionMask = 2147483647;
			files = (
			);
			runOnlyForDeploymentPostprocessing = 0;
		};
		B90369CA282D2667009A46B5 /* Frameworks */ = {
			isa = PBXFrameworksBuildPhase;
			buildActionMask = 2147483647;
			files = (
			);
			runOnlyForDeploymentPostprocessing = 0;
		};
		B90369D4282D2667009A46B5 /* Frameworks */ = {
			isa = PBXFrameworksBuildPhase;
			buildActionMask = 2147483647;
			files = (
			);
			runOnlyForDeploymentPostprocessing = 0;
		};
/* End PBXFrameworksBuildPhase section */

/* Begin PBXGroup section */
		B90369B4282D2666009A46B5 = {
			isa = PBXGroup;
			children = (
				B90369BF282D2666009A46B5 /* Acula */,
				B90369D0282D2667009A46B5 /* AculaTests */,
				B90369DA282D2667009A46B5 /* AculaUITests */,
				B90369BE282D2666009A46B5 /* Products */,
			);
			sourceTree = "<group>";
		};
		B90369BE282D2666009A46B5 /* Products */ = {
			isa = PBXGroup;
			children = (
				B90369BD282D2666009A46B5 /* Acula.app */,
				B90369CD282D2667009A46B5 /* AculaTests.xctest */,
				B90369D7282D2667009A46B5 /* AculaUITests.xctest */,
			);
			name = Products;
			sourceTree = "<group>";
		};
		B90369BF282D2666009A46B5 /* Acula */ = {
			isa = PBXGroup;
			children = (
				B90369C0282D2666009A46B5 /* AculaApp.swift */,
				B90369C2282D2666009A46B5 /* ContentView.swift */,
				B90369C4282D2667009A46B5 /* Assets.xcassets */,
				B90369C6282D2667009A46B5 /* Preview Content */,
			);
			path = Acula;
			sourceTree = "<group>";
		};
		B90369C6282D2667009A46B5 /* Preview Content */ = {
			isa = PBXGroup;
			children = (
				B90369C7282D2667009A46B5 /* Preview Assets.xcassets */,
			);
			path = "Preview Content";
			sourceTree = "<group>";
		};
		B90369D0282D2667009A46B5 /* AculaTests */ = {
			isa = PBXGroup;
			children = (
				B90369D1282D2667009A46B5 /* AculaTests.swift */,
			);
			path = AculaTests;
			sourceTree = "<group>";
		};
		B90369DA282D2667009A46B5 /* AculaUITests */ = {
			isa = PBXGroup;
			children = (
				B90369DB282D2667009A46B5 /* AculaUITests.swift */,
				B90369DD282D2667009A46B5 /* AculaUITestsLaunchTests.swift */,
			);
			path = AculaUITests;
			sourceTree = "<group>";
		};
/* End PBXGroup section */

/* Begin PBXNativeTarget section */
		B90369BC282D2666009A46B5 /* Acula */ = {
			isa = PBXNativeTarget;
			buildConfigurationList = B90369E1282D2667009A46B5 /* Build configuration list for PBXNativeTarget "Acula" */;
			buildPhases = (
				B90369B9282D2666009A46B5 /* Sources */,
				B90369BA282D2666009A46B5 /* Frameworks */,
				B90369BB282D2666009A46B5 /* Resources */,
			);
			buildRules = (
			);
			dependencies = (
			);
			name = Acula;
			productName = Acula;
			productReference = B90369BD282D2666009A46B5 /* Acula.app */;
			productType = "com.apple.product-type.application";
		};
		B90369CC282D2667009A46B5 /* AculaTests */ = {
			isa = PBXNativeTarget;
			buildConfigurationList = B90369E4282D2667009A46B5 /* Build configuration list for PBXNativeTarget "AculaTests" */;
			buildPhases = (
				B90369C9282D2667009A46B5 /* Sources */,
				B90369CA282D2667009A46B5 /* Frameworks */,
				B90369CB282D2667009A46B5 /* Resources */,
			);
			buildRules = (
			);
			dependencies = (
				B90369CF282D2667009A46B5 /* PBXTargetDependency */,
			);
			name = AculaTests;
			productName = AculaTests;
			productReference = B90369CD282D2667009A46B5 /* AculaTests.xctest */;
			productType = "com.apple.product-type.bundle.unit-test";
		};
		B90369D6282D2667009A46B5 /* AculaUITests */ = {
			isa = PBXNativeTarget;
			buildConfigurationList = B90369E7282D2667009A46B5 /* Build configuration list for PBXNativeTarget "AculaUITests" */;
			buildPhases = (
				B90369D3282D2667009A46B5 /* Sources */,
				B90369D4282D2667009A46B5 /* Frameworks */,
				B90369D5282D2667009A46B5 /* Resources */,
			);
			buildRules = (
			);
			dependencies = (
				B90369D9282D2667009A46B5 /* PBXTargetDependency */,
			);
			name = AculaUITests;
			productName = AculaUITests;
			productReference = B90369D7282D2667009A46B5 /* AculaUITests.xctest */;
			productType = "com.apple.product-type.bundle.ui-testing";
		};
/* End PBXNativeTarget section */

/* Begin PBXProject section */
		B90369B5282D2666009A46B5 /* Project object */ = {
			isa = PBXProject;
			attributes = {
				BuildIndependentTargetsInParallel = 1;
				LastSwiftUpdateCheck = 1320;
				LastUpgradeCheck = 1320;
				TargetAttributes = {
					B90369BC282D2666009A46B5 = {
						CreatedOnToolsVersion = 13.2.1;
					};
					B90369CC282D2667009A46B5 = {
						CreatedOnToolsVersion = 13.2.1;
						TestTargetID = B90369BC282D2666009A46B5;
					};
					B90369D6282D2667009A46B5 = {
						CreatedOnToolsVersion = 13.2.1;
						TestTargetID = B90369BC282D2666009A46B5;
					};
				};
			};
			buildConfigurationList = B90369B8282D2666009A46B5 /* Build configuration list for PBXProject "Acula" */;
			compatibilityVersion = "Xcode 13.0";
			developmentRegion = en;
			hasScannedForEncodings = 0;
			knownRegions = (
				en,
				Base,
			);
			mainGroup = B90369B4282D2666009A46B5;
			productRefGroup = B90369BE282D2666009A46B5 /* Products */;
			projectDirPath = "";
			projectRoot = "";
			targets = (
				B90369BC282D2666009A46B5 /* Acula */,
				B90369CC282D2667009A46B5 /* AculaTests */,
				B90369D6282D2667009A46B5 /* AculaUITests */,
			);
		};
/* End PBXProject section */

/* Begin PBXResourcesBuildPhase section */
		B90369BB282D2666009A46B5 /* Resources */ = {
			isa = PBXResourcesBuildPhase;
			buildActionMask = 2147483647;
			files = (
				B90369C8282D2667009A46B5 /* Preview Assets.xcassets in Resources */,
				B90369C5282D2667009A46B5 /* Assets.xcassets in Resources */,
			);
			runOnlyForDeploymentPostprocessing = 0;
		};
		B90369CB282D2667009A46B5 /* Resources */ = {
			isa = PBXResourcesBuildPhase;
			buildActionMask = 2147483647;
			files = (
			);
			runOnlyForDeploymentPostprocessing = 0;
		};
		B90369D5282D2667009A46B5 /* Resources */ = {
			isa = PBXResourcesBuildPhase;
			buildActionMask = 2147483647;
			files = (
			);
			runOnlyForDeploymentPostprocessing = 0;
		};
/* End PBXResourcesBuildPhase section */

/* Begin PBXSourcesBuildPhase section */
		B90369B9282D2666009A46B5 /* Sources */ = {
			isa = PBXSourcesBuildPhase;
			buildActionMask = 2147483647;
			files = (
				B90369C3282D2666009A46B5 /* ContentView.swift in Sources */,
				B90369C1282D2666009A46B5 /* AculaApp.swift in Sources */,
			);
			runOnlyForDeploymentPostprocessing = 0;
		};
		B90369C9282D2667009A46B5 /* Sources */ = {
			isa = PBXSourcesBuildPhase;
			buildActionMask = 2147483647;
			files = (
				B90369D2282D2667009A46B5 /* AculaTests.swift in Sources */,
			);
			runOnlyForDeploymentPostprocessing = 0;
		};
		B90369D3282D2667009A46B5 /* Sources */ = {
			isa = PBXSourcesBuildPhase;
			buildActionMask = 2147483647;
			files = (
				B90369DC282D2667009A46B5 /* AculaUITests.swift in Sources */,
				B90369DE282D2667009A46B5 /* AculaUITestsLaunchTests.swift in Sources */,
			);
			runOnlyForDeploymentPostprocessing = 0;
		};
/* End PBXSourcesBuildPhase section */

/* Begin PBXTargetDependency section */
		B90369CF282D2667009A46B5 /* PBXTargetDependency */ = {
			isa = PBXTargetDependency;
			target = B90369BC282D2666009A46B5 /* Acula */;
			targetProxy = B90369CE282D2667009A46B5 /* PBXContainerItemProxy */;
		};
		B90369D9282D2667009A46B5 /* PBXTargetDependency */ = {
			isa = PBXTargetDependency;
			target = B90369BC282D2666009A46B5 /* Acula */;
			targetProxy = B90369D8282D2667009A46B5 /* PBXContainerItemProxy */;
		};
/* End PBXTargetDependency section */

/* Begin XCBuildConfiguration section */
		B90369DF282D2667009A46B5 /* Debug */ = {
			isa = XCBuildConfiguration;
			buildSettings = {
				ALWAYS_SEARCH_USER_PATHS = NO;
				CLANG_ANALYZER_NONNULL = YES;
				CLANG_ANALYZER_NUMBER_OBJECT_CONVERSION = YES_AGGRESSIVE;
				CLANG_CXX_LANGUAGE_STANDARD = "gnu++17";
				CLANG_CXX_LIBRARY = "libc++";
				CLANG_ENABLE_MODULES = YES;
				CLANG_ENABLE_OBJC_ARC = YES;
				CLANG_ENABLE_OBJC_WEAK = YES;
				CLANG_WARN_BLOCK_CAPTURE_AUTORELEASING = YES;
				CLANG_WARN_BOOL_CONVERSION = YES;
				CLANG_WARN_COMMA = YES;
				CLANG_WARN_CONSTANT_CONVERSION = YES;
				CLANG_WARN_DEPRECATED_OBJC_IMPLEMENTATIONS = YES;
				CLANG_WARN_DIRECT_OBJC_ISA_USAGE = YES_ERROR;
				CLANG_WARN_DOCUMENTATION_COMMENTS = YES;
				CLANG_WARN_EMPTY_BODY = YES;
				CLANG_WARN_ENUM_CONVERSION = YES;
				CLANG_WARN_INFINITE_RECURSION = YES;
				CLANG_WARN_INT_CONVERSION = YES;
				CLANG_WARN_NON_LITERAL_NULL_CONVERSION = YES;
				CLANG_WARN_OBJC_IMPLICIT_RETAIN_SELF = YES;
				CLANG_WARN_OBJC_LITERAL_CONVERSION = YES;
				CLANG_WARN_OBJC_ROOT_CLASS = YES_ERROR;
				CLANG_WARN_QUOTED_INCLUDE_IN_FRAMEWORK_HEADER = YES;
				CLANG_WARN_RANGE_LOOP_ANALYSIS = YES;
				CLANG_WARN_STRICT_PROTOTYPES = YES;
				CLANG_WARN_SUSPICIOUS_MOVE = YES;
				CLANG_WARN_UNGUARDED_AVAILABILITY = YES_AGGRESSIVE;
				CLANG_WARN_UNREACHABLE_CODE = YES;
				CLANG_WARN__DUPLICATE_METHOD_MATCH = YES;
				COPY_PHASE_STRIP = NO;
				DEBUG_INFORMATION_FORMAT = dwarf;
				ENABLE_STRICT_OBJC_MSGSEND = YES;
				ENABLE_TESTABILITY = YES;
				GCC_C_LANGUAGE_STANDARD = gnu11;
				GCC_DYNAMIC_NO_PIC = NO;
				GCC_NO_COMMON_BLOCKS = YES;
				GCC_OPTIMIZATION_LEVEL = 0;
				GCC_PREPROCESSOR_DEFINITIONS = (
					"DEBUG=1",
					"$(inherited)",
				);
				GCC_WARN_64_TO_32_BIT_CONVERSION = YES;
				GCC_WARN_ABOUT_RETURN_TYPE = YES_ERROR;
				GCC_WARN_UNDECLARED_SELECTOR = YES;
				GCC_WARN_UNINITIALIZED_AUTOS = YES_AGGRESSIVE;
				GCC_WARN_UNUSED_FUNCTION = YES;
				GCC_WARN_UNUSED_VARIABLE = YES;
				IPHONEOS_DEPLOYMENT_TARGET = 15.2;
				MTL_ENABLE_DEBUG_INFO = INCLUDE_SOURCE;
				MTL_FAST_MATH = YES;
				ONLY_ACTIVE_ARCH = YES;
				SDKROOT = iphoneos;
				SWIFT_ACTIVE_COMPILATION_CONDITIONS = DEBUG;
				SWIFT_OPTIMIZATION_LEVEL = "-Onone";
			};
			name = Debug;
		};
		B90369E0282D2667009A46B5 /* Release */ = {
			isa = XCBuildConfiguration;
			buildSettings = {
				ALWAYS_SEARCH_USER_PATHS = NO;
				CLANG_ANALYZER_NONNULL = YES;
				CLANG_ANALYZER_NUMBER_OBJECT_CONVERSION = YES_AGGRESSIVE;
				CLANG_CXX_LANGUAGE_STANDARD = "gnu++17";
				CLANG_CXX_LIBRARY = "libc++";
				CLANG_ENABLE_MODULES = YES;
				CLANG_ENABLE_OBJC_ARC = YES;
				CLANG_ENABLE_OBJC_WEAK = YES;
				CLANG_WARN_BLOCK_CAPTURE_AUTORELEASING = YES;
				CLANG_WARN_BOOL_CONVERSION = YES;
				CLANG_WARN_COMMA = YES;
				CLANG_WARN_CONSTANT_CONVERSION = YES;
				CLANG_WARN_DEPRECATED_OBJC_IMPLEMENTATIONS = YES;
				CLANG_WARN_DIRECT_OBJC_ISA_USAGE = YES_ERROR;
				CLANG_WARN_DOCUMENTATION_COMMENTS = YES;
				CLANG_WARN_EMPTY_BODY = YES;
				CLANG_WARN_ENUM_CONVERSION = YES;
				CLANG_WARN_INFINITE_RECURSION = YES;
				CLANG_WARN_INT_CONVERSION = YES;
				CLANG_WARN_NON_LITERAL_NULL_CONVERSION = YES;
				CLANG_WARN_OBJC_IMPLICIT_RETAIN_SELF = YES;
				CLANG_WARN_OBJC_LITERAL_CONVERSION = YES;
				CLANG_WARN_OBJC_ROOT_CLASS = YES_ERROR;
				CLANG_WARN_QUOTED_INCLUDE_IN_FRAMEWORK_HEADER = YES;
				CLANG_WARN_RANGE_LOOP_ANALYSIS = YES;
				CLANG_WARN_STRICT_PROTOTYPES = YES;
				CLANG_WARN_SUSPICIOUS_MOVE = YES;
				CLANG_WARN_UNGUARDED_AVAILABILITY = YES_AGGRESSIVE;
				CLANG_WARN_UNREACHABLE_CODE = YES;
				CLANG_WARN__DUPLICATE_METHOD_MATCH = YES;
				COPY_PHASE_STRIP = NO;
				DEBUG_INFORMATION_FORMAT = "dwarf-with-dsym";
				ENABLE_NS_ASSERTIONS = NO;
				ENABLE_STRICT_OBJC_MSGSEND = YES;
				GCC_C_LANGUAGE_STANDARD = gnu11;
				GCC_NO_COMMON_BLOCKS = YES;
				GCC_WARN_64_TO_32_BIT_CONVERSION = YES;
				GCC_WARN_ABOUT_RETURN_TYPE = YES_ERROR;
				GCC_WARN_UNDECLARED_SELECTOR = YES;
				GCC_WARN_UNINITIALIZED_AUTOS = YES_AGGRESSIVE;
				GCC_WARN_UNUSED_FUNCTION = YES;
				GCC_WARN_UNUSED_VARIABLE = YES;
				IPHONEOS_DEPLOYMENT_TARGET = 15.2;
				MTL_ENABLE_DEBUG_INFO = NO;
				MTL_FAST_MATH = YES;
				SDKROOT = iphoneos;
				SWIFT_COMPILATION_MODE = wholemodule;
				SWIFT_OPTIMIZATION_LEVEL = "-O";
				VALIDATE_PRODUCT = YES;
			};
			name = Release;
		};
		B90369E2282D2667009A46B5 /* Debug */ = {
			isa = XCBuildConfiguration;
			buildSettings = {
				ASSETCATALOG_COMPILER_APPICON_NAME = AppIcon;
				ASSETCATALOG_COMPILER_GLOBAL_ACCENT_COLOR_NAME = AccentColor;
				CODE_SIGN_STYLE = Automatic;
				CURRENT_PROJECT_VERSION = 1;
				DEVELOPMENT_ASSET_PATHS = "\"Acula/Preview Content\"";
				ENABLE_PREVIEWS = YES;
				GENERATE_INFOPLIST_FILE = YES;
				INFOPLIST_KEY_UIApplicationSceneManifest_Generation = YES;
				INFOPLIST_KEY_UIApplicationSupportsIndirectInputEvents = YES;
				INFOPLIST_KEY_UILaunchScreen_Generation = YES;
				INFOPLIST_KEY_UISupportedInterfaceOrientations_iPad = "UIInterfaceOrientationPortrait UIInterfaceOrientationPortraitUpsideDown UIInterfaceOrientationLandscapeLeft UIInterfaceOrientationLandscapeRight";
				INFOPLIST_KEY_UISupportedInterfaceOrientations_iPhone = "UIInterfaceOrientationPortrait UIInterfaceOrientationLandscapeLeft UIInterfaceOrientationLandscapeRight";
				LD_RUNPATH_SEARCH_PATHS = (
					"$(inherited)",
					"@executable_path/Frameworks",
				);
				MARKETING_VERSION = 1.0;
				PRODUCT_BUNDLE_IDENTIFIER = CBL2.Acula;
				PRODUCT_NAME = "$(TARGET_NAME)";
				SWIFT_EMIT_LOC_STRINGS = YES;
				SWIFT_VERSION = 5.0;
				TARGETED_DEVICE_FAMILY = "1,2";
			};
			name = Debug;
		};
		B90369E3282D2667009A46B5 /* Release */ = {
			isa = XCBuildConfiguration;
			buildSettings = {
				ASSETCATALOG_COMPILER_APPICON_NAME = AppIcon;
				ASSETCATALOG_COMPILER_GLOBAL_ACCENT_COLOR_NAME = AccentColor;
				CODE_SIGN_STYLE = Automatic;
				CURRENT_PROJECT_VERSION = 1;
				DEVELOPMENT_ASSET_PATHS = "\"Acula/Preview Content\"";
				ENABLE_PREVIEWS = YES;
				GENERATE_INFOPLIST_FILE = YES;
				INFOPLIST_KEY_UIApplicationSceneManifest_Generation = YES;
				INFOPLIST_KEY_UIApplicationSupportsIndirectInputEvents = YES;
				INFOPLIST_KEY_UILaunchScreen_Generation = YES;
				INFOPLIST_KEY_UISupportedInterfaceOrientations_iPad = "UIInterfaceOrientationPortrait UIInterfaceOrientationPortraitUpsideDown UIInterfaceOrientationLandscapeLeft UIInterfaceOrientationLandscapeRight";
				INFOPLIST_KEY_UISupportedInterfaceOrientations_iPhone = "UIInterfaceOrientationPortrait UIInterfaceOrientationLandscapeLeft UIInterfaceOrientationLandscapeRight";
				LD_RUNPATH_SEARCH_PATHS = (
					"$(inherited)",
					"@executable_path/Frameworks",
				);
				MARKETING_VERSION = 1.0;
				PRODUCT_BUNDLE_IDENTIFIER = CBL2.Acula;
				PRODUCT_NAME = "$(TARGET_NAME)";
				SWIFT_EMIT_LOC_STRINGS = YES;
				SWIFT_VERSION = 5.0;
				TARGETED_DEVICE_FAMILY = "1,2";
			};
			name = Release;
		};
		B90369E5282D2667009A46B5 /* Debug */ = {
			isa = XCBuildConfiguration;
			buildSettings = {
				ALWAYS_EMBED_SWIFT_STANDARD_LIBRARIES = YES;
				BUNDLE_LOADER = "$(TEST_HOST)";
				CODE_SIGN_STYLE = Automatic;
				CURRENT_PROJECT_VERSION = 1;
				GENERATE_INFOPLIST_FILE = YES;
				IPHONEOS_DEPLOYMENT_TARGET = 15.2;
				MARKETING_VERSION = 1.0;
				PRODUCT_BUNDLE_IDENTIFIER = CBL2.AculaTests;
				PRODUCT_NAME = "$(TARGET_NAME)";
				SWIFT_EMIT_LOC_STRINGS = NO;
				SWIFT_VERSION = 5.0;
				TARGETED_DEVICE_FAMILY = "1,2";
				TEST_HOST = "$(BUILT_PRODUCTS_DIR)/Acula.app/Acula";
			};
			name = Debug;
		};
		B90369E6282D2667009A46B5 /* Release */ = {
			isa = XCBuildConfiguration;
			buildSettings = {
				ALWAYS_EMBED_SWIFT_STANDARD_LIBRARIES = YES;
				BUNDLE_LOADER = "$(TEST_HOST)";
				CODE_SIGN_STYLE = Automatic;
				CURRENT_PROJECT_VERSION = 1;
				GENERATE_INFOPLIST_FILE = YES;
				IPHONEOS_DEPLOYMENT_TARGET = 15.2;
				MARKETING_VERSION = 1.0;
				PRODUCT_BUNDLE_IDENTIFIER = CBL2.AculaTests;
				PRODUCT_NAME = "$(TARGET_NAME)";
				SWIFT_EMIT_LOC_STRINGS = NO;
				SWIFT_VERSION = 5.0;
				TARGETED_DEVICE_FAMILY = "1,2";
				TEST_HOST = "$(BUILT_PRODUCTS_DIR)/Acula.app/Acula";
			};
			name = Release;
		};
		B90369E8282D2667009A46B5 /* Debug */ = {
			isa = XCBuildConfiguration;
			buildSettings = {
				ALWAYS_EMBED_SWIFT_STANDARD_LIBRARIES = YES;
				CODE_SIGN_STYLE = Automatic;
				CURRENT_PROJECT_VERSION = 1;
				GENERATE_INFOPLIST_FILE = YES;
				MARKETING_VERSION = 1.0;
				PRODUCT_BUNDLE_IDENTIFIER = CBL2.AculaUITests;
				PRODUCT_NAME = "$(TARGET_NAME)";
				SWIFT_EMIT_LOC_STRINGS = NO;
				SWIFT_VERSION = 5.0;
				TARGETED_DEVICE_FAMILY = "1,2";
				TEST_TARGET_NAME = Acula;
			};
			name = Debug;
		};
		B90369E9282D2667009A46B5 /* Release */ = {
			isa = XCBuildConfiguration;
			buildSettings = {
				ALWAYS_EMBED_SWIFT_STANDARD_LIBRARIES = YES;
				CODE_SIGN_STYLE = Automatic;
				CURRENT_PROJECT_VERSION = 1;
				GENERATE_INFOPLIST_FILE = YES;
				MARKETING_VERSION = 1.0;
				PRODUCT_BUNDLE_IDENTIFIER = CBL2.AculaUITests;
				PRODUCT_NAME = "$(TARGET_NAME)";
				SWIFT_EMIT_LOC_STRINGS = NO;
				SWIFT_VERSION = 5.0;
				TARGETED_DEVICE_FAMILY = "1,2";
				TEST_TARGET_NAME = Acula;
			};
			name = Release;
		};
/* End XCBuildConfiguration section */

/* Begin XCConfigurationList section */
		B90369B8282D2666009A46B5 /* Build configuration list for PBXProject "Acula" */ = {
			isa = XCConfigurationList;
			buildConfigurations = (
				B90369DF282D2667009A46B5 /* Debug */,
				B90369E0282D2667009A46B5 /* Release */,
			);
			defaultConfigurationIsVisible = 0;
			defaultConfigurationName = Release;
		};
		B90369E1282D2667009A46B5 /* Build configuration list for PBXNativeTarget "Acula" */ = {
			isa = XCConfigurationList;
			buildConfigurations = (
				B90369E2282D2667009A46B5 /* Debug */,
				B90369E3282D2667009A46B5 /* Release */,
			);
			defaultConfigurationIsVisible = 0;
			defaultConfigurationName = Release;
		};
		B90369E4282D2667009A46B5 /* Build configuration list for PBXNativeTarget "AculaTests" */ = {
			isa = XCConfigurationList;
			buildConfigurations = (
				B90369E5282D2667009A46B5 /* Debug */,
				B90369E6282D2667009A46B5 /* Release */,
			);
			defaultConfigurationIsVisible = 0;
			defaultConfigurationName = Release;
		};
		B90369E7282D2667009A46B5 /* Build configuration list for PBXNativeTarget "AculaUITests" */ = {
			isa = XCConfigurationList;
			buildConfigurations = (
				B90369E8282D2667009A46B5 /* Debug */,
				B90369E9282D2667009A46B5 /* Release */,
			);
			defaultConfigurationIsVisible = 0;
			defaultConfigurationName = Release;
		};
/* End XCConfigurationList section */
	};
	rootObject = B90369B5282D2666009A46B5 /* Project object */;
}
